
Microsoft Visual Studio Solution File, Format Version 12.00
# Visual Studio Version 17
VisualStudioVersion = 17.9.34622.214
MinimumVisualStudioVersion = 10.0.40219.1
Project("{FAE04EC0-301F-11D3-BF4B-00C04F79EFBC}") = "appProduct", "appProduct\appProduct.csproj", "{2672A19A-4B09-4105-B593-5E499C5022E9}"
EndProject
Global
	GlobalSection(SolutionConfigurationPlatforms) = preSolution
		Debug|Any CPU = Debug|Any CPU
		Release|Any CPU = Release|Any CPU
	EndGlobalSection
	GlobalSection(ProjectConfigurationPlatforms) = postSolution
		{2672A19A-4B09-4105-B593-5E499C5022E9}.Debug|Any CPU.ActiveCfg = Debug|Any CPU
		{2672A19A-4B09-4105-B593-5E499C5022E9}.Debug|Any CPU.Build.0 = Debug|Any CPU
		{2672A19A-4B09-4105-B593-5E499C5022E9}.Release|Any CPU.ActiveCfg = Release|Any CPU
		{2672A19A-4B09-4105-B593-5E499C5022E9}.Release|Any CPU.Build.0 = Release|Any CPU
	EndGlobalSection
	GlobalSection(SolutionProperties) = preSolution
		HideSolutionNode = FALSE
	EndGlobalSection
	GlobalSection(ExtensibilityGlobals) = postSolution
		SolutionGuid = {51FB0005-C9B0-46C5-939B-5C3A04749E0F}
	EndGlobalSection
EndGlobal
